
Microsoft Visual Studio Solution File, Format Version 12.00
# Visual Studio Version 17
VisualStudioVersion = 17.9.34728.123
MinimumVisualStudioVersion = 10.0.40219.1
Project("{FAE04EC0-301F-11D3-BF4B-00C04F79EFBC}") = "MvcMovie1", "MvcMovie1.csproj", "{A435E6EE-359A-4882-AF27-0D16972D0262}"
EndProject
Global
	GlobalSection(SolutionConfigurationPlatforms) = preSolution
		Debug|Any CPU = Debug|Any CPU
		Release|Any CPU = Release|Any CPU
	EndGlobalSection
	GlobalSection(ProjectConfigurationPlatforms) = postSolution
		{A435E6EE-359A-4882-AF27-0D16972D0262}.Debug|Any CPU.ActiveCfg = Debug|Any CPU
		{A435E6EE-359A-4882-AF27-0D16972D0262}.Debug|Any CPU.Build.0 = Debug|Any CPU
		{A435E6EE-359A-4882-AF27-0D16972D0262}.Release|Any CPU.ActiveCfg = Release|Any CPU
		{A435E6EE-359A-4882-AF27-0D16972D0262}.Release|Any CPU.Build.0 = Release|Any CPU
	EndGlobalSection
	GlobalSection(SolutionProperties) = preSolution
		HideSolutionNode = FALSE
	EndGlobalSection
	GlobalSection(ExtensibilityGlobals) = postSolution
		SolutionGuid = {1235BBA3-DE33-488A-BBB4-5E2FC9BE797A}
	EndGlobalSection
EndGlobal
